
Microsoft Visual Studio Solution File, Format Version 12.00
# Visual Studio Version 17
VisualStudioVersion = 17.6.33829.357
MinimumVisualStudioVersion = 10.0.40219.1
Project("{FAE04EC0-301F-11D3-BF4B-00C04F79EFBC}") = "WpfAppCalcolatrice", "WpfAppCalcolatrice\WpfAppCalcolatrice.csproj", "{E36C70A2-EFE4-4B52-A170-333C6EEA7DB5}"
EndProject
Global
	GlobalSection(SolutionConfigurationPlatforms) = preSolution
		Debug|Any CPU = Debug|Any CPU
		Release|Any CPU = Release|Any CPU
	EndGlobalSection
	GlobalSection(ProjectConfigurationPlatforms) = postSolution
		{E36C70A2-EFE4-4B52-A170-333C6EEA7DB5}.Debug|Any CPU.ActiveCfg = Debug|Any CPU
		{E36C70A2-EFE4-4B52-A170-333C6EEA7DB5}.Debug|Any CPU.Build.0 = Debug|Any CPU
		{E36C70A2-EFE4-4B52-A170-333C6EEA7DB5}.Release|Any CPU.ActiveCfg = Release|Any CPU
		{E36C70A2-EFE4-4B52-A170-333C6EEA7DB5}.Release|Any CPU.Build.0 = Release|Any CPU
	EndGlobalSection
	GlobalSection(SolutionProperties) = preSolution
		HideSolutionNode = FALSE
	EndGlobalSection
	GlobalSection(ExtensibilityGlobals) = postSolution
		SolutionGuid = {95A78712-CDB4-4C16-9554-97AF4E97455D}
	EndGlobalSection
EndGlobal
