
Microsoft Visual Studio Solution File, Format Version 12.00
# Visual Studio Version 17
VisualStudioVersion = 17.6.33829.357
MinimumVisualStudioVersion = 10.0.40219.1
Project("{FAE04EC0-301F-11D3-BF4B-00C04F79EFBC}") = "ConsoleAppNumeroInteroInStringaCompresoTra0e9", "ConsoleAppNumeroInteroInStringaCompresoTra0e9\ConsoleAppNumeroInteroInStringaCompresoTra0e9.csproj", "{344624CD-3CAD-4294-A31E-7137AC5D8880}"
EndProject
Global
	GlobalSection(SolutionConfigurationPlatforms) = preSolution
		Debug|Any CPU = Debug|Any CPU
		Release|Any CPU = Release|Any CPU
	EndGlobalSection
	GlobalSection(ProjectConfigurationPlatforms) = postSolution
		{344624CD-3CAD-4294-A31E-7137AC5D8880}.Debug|Any CPU.ActiveCfg = Debug|Any CPU
		{344624CD-3CAD-4294-A31E-7137AC5D8880}.Debug|Any CPU.Build.0 = Debug|Any CPU
		{344624CD-3CAD-4294-A31E-7137AC5D8880}.Release|Any CPU.ActiveCfg = Release|Any CPU
		{344624CD-3CAD-4294-A31E-7137AC5D8880}.Release|Any CPU.Build.0 = Release|Any CPU
	EndGlobalSection
	GlobalSection(SolutionProperties) = preSolution
		HideSolutionNode = FALSE
	EndGlobalSection
	GlobalSection(ExtensibilityGlobals) = postSolution
		SolutionGuid = {B3A6432C-7A17-44B4-9C7D-6FC53034A02F}
	EndGlobalSection
EndGlobal
