
Microsoft Visual Studio Solution File, Format Version 12.00
# Visual Studio Version 17
VisualStudioVersion = 17.6.33829.357
MinimumVisualStudioVersion = 10.0.40219.1
Project("{FAE04EC0-301F-11D3-BF4B-00C04F79EFBC}") = "ConsoleAppConversioneBinDec", "ConsoleAppConversioneBinDec\ConsoleAppConversioneBinDec.csproj", "{2EE4048D-8497-4E7C-9473-C8605F55D2CB}"
EndProject
Global
	GlobalSection(SolutionConfigurationPlatforms) = preSolution
		Debug|Any CPU = Debug|Any CPU
		Release|Any CPU = Release|Any CPU
	EndGlobalSection
	GlobalSection(ProjectConfigurationPlatforms) = postSolution
		{2EE4048D-8497-4E7C-9473-C8605F55D2CB}.Debug|Any CPU.ActiveCfg = Debug|Any CPU
		{2EE4048D-8497-4E7C-9473-C8605F55D2CB}.Debug|Any CPU.Build.0 = Debug|Any CPU
		{2EE4048D-8497-4E7C-9473-C8605F55D2CB}.Release|Any CPU.ActiveCfg = Release|Any CPU
		{2EE4048D-8497-4E7C-9473-C8605F55D2CB}.Release|Any CPU.Build.0 = Release|Any CPU
	EndGlobalSection
	GlobalSection(SolutionProperties) = preSolution
		HideSolutionNode = FALSE
	EndGlobalSection
	GlobalSection(ExtensibilityGlobals) = postSolution
		SolutionGuid = {02E974AC-4401-4AE9-A861-262630C3486A}
	EndGlobalSection
EndGlobal
