
Microsoft Visual Studio Solution File, Format Version 12.00
# Visual Studio Version 17
VisualStudioVersion = 17.6.33829.357
MinimumVisualStudioVersion = 10.0.40219.1
Project("{FAE04EC0-301F-11D3-BF4B-00C04F79EFBC}") = "ConsoleAppSudokuRicorsione", "ConsoleAppSudokuRicorsione\ConsoleAppSudokuRicorsione.csproj", "{B2EAE382-F8E8-4D94-B084-4C78A5EA7073}"
EndProject
Global
	GlobalSection(SolutionConfigurationPlatforms) = preSolution
		Debug|Any CPU = Debug|Any CPU
		Release|Any CPU = Release|Any CPU
	EndGlobalSection
	GlobalSection(ProjectConfigurationPlatforms) = postSolution
		{B2EAE382-F8E8-4D94-B084-4C78A5EA7073}.Debug|Any CPU.ActiveCfg = Debug|Any CPU
		{B2EAE382-F8E8-4D94-B084-4C78A5EA7073}.Debug|Any CPU.Build.0 = Debug|Any CPU
		{B2EAE382-F8E8-4D94-B084-4C78A5EA7073}.Release|Any CPU.ActiveCfg = Release|Any CPU
		{B2EAE382-F8E8-4D94-B084-4C78A5EA7073}.Release|Any CPU.Build.0 = Release|Any CPU
	EndGlobalSection
	GlobalSection(SolutionProperties) = preSolution
		HideSolutionNode = FALSE
	EndGlobalSection
	GlobalSection(ExtensibilityGlobals) = postSolution
		SolutionGuid = {6FAF04BD-F540-4B65-AD22-279DFAF8ED6C}
	EndGlobalSection
EndGlobal
