
Microsoft Visual Studio Solution File, Format Version 12.00
# Visual Studio Version 17
VisualStudioVersion = 17.6.33829.357
MinimumVisualStudioVersion = 10.0.40219.1
Project("{FAE04EC0-301F-11D3-BF4B-00C04F79EFBC}") = "ConsoleAppEsercizioInClasse", "ConsoleAppEsercizioInClasse\ConsoleAppEsercizioInClasse.csproj", "{6EFC05C9-6C04-48D7-9E2B-76E5E1B8B07D}"
EndProject
Global
	GlobalSection(SolutionConfigurationPlatforms) = preSolution
		Debug|Any CPU = Debug|Any CPU
		Release|Any CPU = Release|Any CPU
	EndGlobalSection
	GlobalSection(ProjectConfigurationPlatforms) = postSolution
		{6EFC05C9-6C04-48D7-9E2B-76E5E1B8B07D}.Debug|Any CPU.ActiveCfg = Debug|Any CPU
		{6EFC05C9-6C04-48D7-9E2B-76E5E1B8B07D}.Debug|Any CPU.Build.0 = Debug|Any CPU
		{6EFC05C9-6C04-48D7-9E2B-76E5E1B8B07D}.Release|Any CPU.ActiveCfg = Release|Any CPU
		{6EFC05C9-6C04-48D7-9E2B-76E5E1B8B07D}.Release|Any CPU.Build.0 = Release|Any CPU
	EndGlobalSection
	GlobalSection(SolutionProperties) = preSolution
		HideSolutionNode = FALSE
	EndGlobalSection
	GlobalSection(ExtensibilityGlobals) = postSolution
		SolutionGuid = {B03E5F9C-B7AA-4F21-AE56-03E652A9E359}
	EndGlobalSection
EndGlobal
