
Microsoft Visual Studio Solution File, Format Version 12.00
# Visual Studio Version 17
VisualStudioVersion = 17.6.33829.357
MinimumVisualStudioVersion = 10.0.40219.1
Project("{FAE04EC0-301F-11D3-BF4B-00C04F79EFBC}") = "WpfAppNumeriInParole", "WpfAppNumeriInParole\WpfAppNumeriInParole.csproj", "{799D0880-DD28-4275-A7ED-EDCFB53AD13C}"
EndProject
Global
	GlobalSection(SolutionConfigurationPlatforms) = preSolution
		Debug|Any CPU = Debug|Any CPU
		Release|Any CPU = Release|Any CPU
	EndGlobalSection
	GlobalSection(ProjectConfigurationPlatforms) = postSolution
		{799D0880-DD28-4275-A7ED-EDCFB53AD13C}.Debug|Any CPU.ActiveCfg = Debug|Any CPU
		{799D0880-DD28-4275-A7ED-EDCFB53AD13C}.Debug|Any CPU.Build.0 = Debug|Any CPU
		{799D0880-DD28-4275-A7ED-EDCFB53AD13C}.Release|Any CPU.ActiveCfg = Release|Any CPU
		{799D0880-DD28-4275-A7ED-EDCFB53AD13C}.Release|Any CPU.Build.0 = Release|Any CPU
	EndGlobalSection
	GlobalSection(SolutionProperties) = preSolution
		HideSolutionNode = FALSE
	EndGlobalSection
	GlobalSection(ExtensibilityGlobals) = postSolution
		SolutionGuid = {CE699427-294D-454A-8ACE-16B6407186BA}
	EndGlobalSection
EndGlobal
