
Microsoft Visual Studio Solution File, Format Version 12.00
# Visual Studio Version 17
VisualStudioVersion = 17.6.33829.357
MinimumVisualStudioVersion = 10.0.40219.1
Project("{FAE04EC0-301F-11D3-BF4B-00C04F79EFBC}") = "InputDati", "InputDati\InputDati.csproj", "{7EFD9714-DA7D-48E9-A254-65D3F30192B7}"
EndProject
Global
	GlobalSection(SolutionConfigurationPlatforms) = preSolution
		Debug|Any CPU = Debug|Any CPU
		Release|Any CPU = Release|Any CPU
	EndGlobalSection
	GlobalSection(ProjectConfigurationPlatforms) = postSolution
		{7EFD9714-DA7D-48E9-A254-65D3F30192B7}.Debug|Any CPU.ActiveCfg = Debug|Any CPU
		{7EFD9714-DA7D-48E9-A254-65D3F30192B7}.Debug|Any CPU.Build.0 = Debug|Any CPU
		{7EFD9714-DA7D-48E9-A254-65D3F30192B7}.Release|Any CPU.ActiveCfg = Release|Any CPU
		{7EFD9714-DA7D-48E9-A254-65D3F30192B7}.Release|Any CPU.Build.0 = Release|Any CPU
	EndGlobalSection
	GlobalSection(SolutionProperties) = preSolution
		HideSolutionNode = FALSE
	EndGlobalSection
	GlobalSection(ExtensibilityGlobals) = postSolution
		SolutionGuid = {6B18215D-3C89-4B50-A14B-221BC8F8030F}
	EndGlobalSection
EndGlobal
