
Microsoft Visual Studio Solution File, Format Version 12.00
# Visual Studio Version 17
VisualStudioVersion = 17.6.33829.357
MinimumVisualStudioVersion = 10.0.40219.1
Project("{FAE04EC0-301F-11D3-BF4B-00C04F79EFBC}") = "ConsoleAppRicercaLineare", "ConsoleAppRicercaLineare\ConsoleAppRicercaLineare.csproj", "{A00CBDA9-4487-4E14-BB57-578BA5BDD542}"
EndProject
Global
	GlobalSection(SolutionConfigurationPlatforms) = preSolution
		Debug|Any CPU = Debug|Any CPU
		Release|Any CPU = Release|Any CPU
	EndGlobalSection
	GlobalSection(ProjectConfigurationPlatforms) = postSolution
		{A00CBDA9-4487-4E14-BB57-578BA5BDD542}.Debug|Any CPU.ActiveCfg = Debug|Any CPU
		{A00CBDA9-4487-4E14-BB57-578BA5BDD542}.Debug|Any CPU.Build.0 = Debug|Any CPU
		{A00CBDA9-4487-4E14-BB57-578BA5BDD542}.Release|Any CPU.ActiveCfg = Release|Any CPU
		{A00CBDA9-4487-4E14-BB57-578BA5BDD542}.Release|Any CPU.Build.0 = Release|Any CPU
	EndGlobalSection
	GlobalSection(SolutionProperties) = preSolution
		HideSolutionNode = FALSE
	EndGlobalSection
	GlobalSection(ExtensibilityGlobals) = postSolution
		SolutionGuid = {728360CD-61E1-4292-B19F-D611B7067937}
	EndGlobalSection
EndGlobal
